
Microsoft Visual Studio Solution File, Format Version 12.00
Project("{FAE04EC0-301F-11D3-BF4B-00C04F79EFBC}") = "AdjacencyList", "AdjacencyList\AdjacencyList.csproj", "{B6EE78E8-653C-44EA-85B1-0DB2E52302D7}"
EndProject
Global
	GlobalSection(SolutionConfigurationPlatforms) = preSolution
		Debug|Any CPU = Debug|Any CPU
		Release|Any CPU = Release|Any CPU
	EndGlobalSection
	GlobalSection(ProjectConfigurationPlatforms) = postSolution
		{B6EE78E8-653C-44EA-85B1-0DB2E52302D7}.Debug|Any CPU.ActiveCfg = Debug|Any CPU
		{B6EE78E8-653C-44EA-85B1-0DB2E52302D7}.Debug|Any CPU.Build.0 = Debug|Any CPU
		{B6EE78E8-653C-44EA-85B1-0DB2E52302D7}.Release|Any CPU.ActiveCfg = Release|Any CPU
		{B6EE78E8-653C-44EA-85B1-0DB2E52302D7}.Release|Any CPU.Build.0 = Release|Any CPU
	EndGlobalSection
EndGlobal
